
Microsoft Visual Studio Solution File, Format Version 12.00
# Visual Studio Version 16
VisualStudioVersion = 16.0.31702.278
MinimumVisualStudioVersion = 10.0.40219.1
Project("{FAE04EC0-301F-11D3-BF4B-00C04F79EFBC}") = "xmlOldViewer", "xmlOldViewer.csproj", "{7F47FA1B-E214-4EC3-9C99-D22316A986BB}"
EndProject
Global
	GlobalSection(SolutionConfigurationPlatforms) = preSolution
		Debug|Any CPU = Debug|Any CPU
		Release|Any CPU = Release|Any CPU
	EndGlobalSection
	GlobalSection(ProjectConfigurationPlatforms) = postSolution
		{7F47FA1B-E214-4EC3-9C99-D22316A986BB}.Debug|Any CPU.ActiveCfg = Debug|Any CPU
		{7F47FA1B-E214-4EC3-9C99-D22316A986BB}.Debug|Any CPU.Build.0 = Debug|Any CPU
		{7F47FA1B-E214-4EC3-9C99-D22316A986BB}.Release|Any CPU.ActiveCfg = Release|Any CPU
		{7F47FA1B-E214-4EC3-9C99-D22316A986BB}.Release|Any CPU.Build.0 = Release|Any CPU
	EndGlobalSection
	GlobalSection(SolutionProperties) = preSolution
		HideSolutionNode = FALSE
	EndGlobalSection
	GlobalSection(ExtensibilityGlobals) = postSolution
		SolutionGuid = {B36C8915-ADC0-45E1-8A66-CF4D972F9DC8}
	EndGlobalSection
EndGlobal
